
Microsoft Visual Studio Solution File, Format Version 12.00
# Visual Studio 14
VisualStudioVersion = 14.0.25420.1
MinimumVisualStudioVersion = 10.0.40219.1
Project("{FAE04EC0-301F-11D3-BF4B-00C04F79EFBC}") = "LeetCodeImplement", "LeetCodeImplement\LeetCodeImplement.csproj", "{EF82C68A-9D6C-41FA-8C0B-B6F8AC79A780}"
EndProject
Project("{FAE04EC0-301F-11D3-BF4B-00C04F79EFBC}") = "LeetCodeTestCase", "LeetCodeTestCase\LeetCodeTestCase.csproj", "{C310AF91-1C0A-4D5D-BF43-7566031F9C3C}"
EndProject
Global
	GlobalSection(SolutionConfigurationPlatforms) = preSolution
		Debug|Any CPU = Debug|Any CPU
		Release|Any CPU = Release|Any CPU
	EndGlobalSection
	GlobalSection(ProjectConfigurationPlatforms) = postSolution
		{EF82C68A-9D6C-41FA-8C0B-B6F8AC79A780}.Debug|Any CPU.ActiveCfg = Debug|Any CPU
		{EF82C68A-9D6C-41FA-8C0B-B6F8AC79A780}.Debug|Any CPU.Build.0 = Debug|Any CPU
		{EF82C68A-9D6C-41FA-8C0B-B6F8AC79A780}.Release|Any CPU.ActiveCfg = Release|Any CPU
		{EF82C68A-9D6C-41FA-8C0B-B6F8AC79A780}.Release|Any CPU.Build.0 = Release|Any CPU
		{C310AF91-1C0A-4D5D-BF43-7566031F9C3C}.Debug|Any CPU.ActiveCfg = Debug|Any CPU
		{C310AF91-1C0A-4D5D-BF43-7566031F9C3C}.Debug|Any CPU.Build.0 = Debug|Any CPU
		{C310AF91-1C0A-4D5D-BF43-7566031F9C3C}.Release|Any CPU.ActiveCfg = Release|Any CPU
		{C310AF91-1C0A-4D5D-BF43-7566031F9C3C}.Release|Any CPU.Build.0 = Release|Any CPU
	EndGlobalSection
	GlobalSection(SolutionProperties) = preSolution
		HideSolutionNode = FALSE
	EndGlobalSection
EndGlobal
